
Microsoft Visual Studio Solution File, Format Version 12.00
# Visual Studio 15
VisualStudioVersion = 15.0.27130.2024
MinimumVisualStudioVersion = 10.0.40219.1
Project("{FAE04EC0-301F-11D3-BF4B-00C04F79EFBC}") = "MvcMovie", "MvcMovie\MvcMovie.csproj", "{91AC7A1F-83A8-4C2D-94E1-AD6782CFAF74}"
EndProject
Global
	GlobalSection(SolutionConfigurationPlatforms) = preSolution
		Debug|Any CPU = Debug|Any CPU
		Release|Any CPU = Release|Any CPU
	EndGlobalSection
	GlobalSection(ProjectConfigurationPlatforms) = postSolution
		{91AC7A1F-83A8-4C2D-94E1-AD6782CFAF74}.Debug|Any CPU.ActiveCfg = Debug|Any CPU
		{91AC7A1F-83A8-4C2D-94E1-AD6782CFAF74}.Debug|Any CPU.Build.0 = Debug|Any CPU
		{91AC7A1F-83A8-4C2D-94E1-AD6782CFAF74}.Release|Any CPU.ActiveCfg = Release|Any CPU
		{91AC7A1F-83A8-4C2D-94E1-AD6782CFAF74}.Release|Any CPU.Build.0 = Release|Any CPU
	EndGlobalSection
	GlobalSection(SolutionProperties) = preSolution
		HideSolutionNode = FALSE
	EndGlobalSection
	GlobalSection(ExtensibilityGlobals) = postSolution
		SolutionGuid = {1F7CDA60-8803-470A-97C1-93EAE3B000AA}
	EndGlobalSection
EndGlobal
